
Microsoft Visual Studio Solution File, Format Version 12.00
# Visual Studio 15
VisualStudioVersion = 15.0.27428.2037
MinimumVisualStudioVersion = 10.0.40219.1
Project("{9A19103F-16F7-4668-BE54-9A1E7A4F7556}") = "Blog-AddZHPBlogPost", "Blog-AddZHPBlogPost\Blog-AddZHPBlogPost.csproj", "{9819FE66-294A-4B58-8A55-F4E04DC0EB42}"
EndProject
Project("{9A19103F-16F7-4668-BE54-9A1E7A4F7556}") = "Blog-AddZHPBlogPost.Tests", "Blog-AddZHPBlogPost.Tests\Blog-AddZHPBlogPost.Tests.csproj", "{56FAD833-A252-4AFC-8CDE-66AF43971C2F}"
EndProject
Global
	GlobalSection(SolutionConfigurationPlatforms) = preSolution
		Debug|Any CPU = Debug|Any CPU
		Release|Any CPU = Release|Any CPU
	EndGlobalSection
	GlobalSection(ProjectConfigurationPlatforms) = postSolution
		{9819FE66-294A-4B58-8A55-F4E04DC0EB42}.Debug|Any CPU.ActiveCfg = Debug|Any CPU
		{9819FE66-294A-4B58-8A55-F4E04DC0EB42}.Debug|Any CPU.Build.0 = Debug|Any CPU
		{9819FE66-294A-4B58-8A55-F4E04DC0EB42}.Release|Any CPU.ActiveCfg = Release|Any CPU
		{9819FE66-294A-4B58-8A55-F4E04DC0EB42}.Release|Any CPU.Build.0 = Release|Any CPU
		{56FAD833-A252-4AFC-8CDE-66AF43971C2F}.Debug|Any CPU.ActiveCfg = Debug|Any CPU
		{56FAD833-A252-4AFC-8CDE-66AF43971C2F}.Debug|Any CPU.Build.0 = Debug|Any CPU
		{56FAD833-A252-4AFC-8CDE-66AF43971C2F}.Release|Any CPU.ActiveCfg = Release|Any CPU
		{56FAD833-A252-4AFC-8CDE-66AF43971C2F}.Release|Any CPU.Build.0 = Release|Any CPU
	EndGlobalSection
	GlobalSection(SolutionProperties) = preSolution
		HideSolutionNode = FALSE
	EndGlobalSection
	GlobalSection(ExtensibilityGlobals) = postSolution
		SolutionGuid = {E88F667A-F8B0-4DB0-811E-E7B30FAEA73E}
	EndGlobalSection
EndGlobal
